schema: '2.0'
stages:
  download:
    cmd: python -m quickdraw.data.download
    deps:
    - path: src/quickdraw/config.py
      hash: md5
      md5: 651cefb97e810b381d68ec016098ad84
      size: 3078
    - path: src/quickdraw/data/download.py
      hash: md5
      md5: 9c06952fe132ec4dbcd78678146f683c
      size: 2960
    params:
      params.yaml:
        data.classes:
        - airplane
        - apple
        - banana
        - bicycle
        - bird
        - car
        - cat
        - clock
        - dog
        - face
        - fish
        - house
        - star
        - tree
        - umbrella
    outs:
    - path: data/raw
      hash: md5
      md5: ee1600c0c2dd8b6924048ce028723d0a.dir
      size: 1788070784
      nfiles: 15
  preprocess:
    cmd: python -m quickdraw.data.preprocess
    deps:
    - path: data/raw
      hash: md5
      md5: ee1600c0c2dd8b6924048ce028723d0a.dir
      size: 1788070784
      nfiles: 15
    - path: src/quickdraw/config.py
      hash: md5
      md5: 651cefb97e810b381d68ec016098ad84
      size: 3078
    - path: src/quickdraw/data/preprocess.py
      hash: md5
      md5: 3103b612192a22cfaaa23611d3942570
      size: 11660
    params:
      params.yaml:
        data:
          classes:
          - airplane
          - apple
          - banana
          - bicycle
          - bird
          - car
          - cat
          - clock
          - dog
          - face
          - fish
          - house
          - star
          - tree
          - umbrella
          samples_per_class: 10000
          seed: 42
          splits:
            train: 0.8
            val: 0.1
            test: 0.1
    outs:
    - path: data/processed/quickdraw.npz
      hash: md5
      md5: ab3b27daa743297978cd3bc40d193198
      size: 41088939
  train:
    cmd: python -m quickdraw.training.train
    deps:
    - path: data/processed/quickdraw.npz
      hash: md5
      md5: ab3b27daa743297978cd3bc40d193198
      size: 41088939
    - path: reports/data_validation.json
      hash: md5
      md5: 5b56cf495d56a05c63f04b0b2fada282
      size: 302
    - path: src/quickdraw/config.py
      hash: md5
      md5: 651cefb97e810b381d68ec016098ad84
      size: 3078
    - path: src/quickdraw/training/model.py
      hash: md5
      md5: 7d1ba7ebcc1b3355dc89b079b28f403c
      size: 2964
    - path: src/quickdraw/training/registry.py
      hash: md5
      md5: 51241cb4f5eeabbf47ba62d65a9b7925
      size: 4563
    - path: src/quickdraw/training/train.py
      hash: md5
      md5: 17f6ecb0dcd67963af7ddbd3fc4f1756
      size: 7017
    params:
      params.yaml:
        training:
          epochs: 8
          batch_size: 256
          learning_rate: 0.001
          weight_decay: 0.0001
          dropout: 0.3
          seed: 42
    outs:
    - path: models/model.pt
      hash: md5
      md5: 42da9cd1468303ffbdefaf7c81825ddd
      size: 1692401
  evaluate:
    cmd: python -m quickdraw.training.evaluate
    deps:
    - path: data/processed/quickdraw.npz
      hash: md5
      md5: ab3b27daa743297978cd3bc40d193198
      size: 41088939
    - path: models/model.pt
      hash: md5
      md5: 42da9cd1468303ffbdefaf7c81825ddd
      size: 1692401
    - path: src/quickdraw/training/evaluate.py
      hash: md5
      md5: 46334971749f2a799d90d0d307f2b026
      size: 5971
    - path: src/quickdraw/training/model.py
      hash: md5
      md5: 7d1ba7ebcc1b3355dc89b079b28f403c
      size: 2964
    - path: src/quickdraw/training/registry.py
      hash: md5
      md5: 51241cb4f5eeabbf47ba62d65a9b7925
      size: 4563
    outs:
    - path: reports/eval/confusion_matrix.png
      hash: md5
      md5: 849512b7f7f6d3bf40e4bd815445d2b3
      size: 105267
    - path: reports/eval/metrics.json
      hash: md5
      md5: ea34bdfb1376278eddecaa7d3fd4e28a
      size: 1823
  export:
    cmd: python -m quickdraw.training.export_onnx
    deps:
    - path: models/model.pt
      hash: md5
      md5: 42da9cd1468303ffbdefaf7c81825ddd
      size: 1692401
    - path: src/quickdraw/training/export_onnx.py
      hash: md5
      md5: d68d3141f07c8735d92cbebbcd71008d
      size: 4114
    - path: src/quickdraw/training/model.py
      hash: md5
      md5: 7d1ba7ebcc1b3355dc89b079b28f403c
      size: 2964
    outs:
    - path: models/model.onnx
      hash: md5
      md5: d494001002ab0ac3eb7e25581a87af54
      size: 1707279
  validate:
    cmd: python -m quickdraw.data.validate
    deps:
    - path: data/processed/quickdraw.npz
      hash: md5
      md5: ab3b27daa743297978cd3bc40d193198
      size: 41088939
    - path: src/quickdraw/config.py
      hash: md5
      md5: 651cefb97e810b381d68ec016098ad84
      size: 3078
    - path: src/quickdraw/data/validate.py
      hash: md5
      md5: 734bc1f31694942e88060c42163907d3
      size: 7591
    params:
      params.yaml:
        data:
          classes:
          - airplane
          - apple
          - banana
          - bicycle
          - bird
          - car
          - cat
          - clock
          - dog
          - face
          - fish
          - house
          - star
          - tree
          - umbrella
          samples_per_class: 10000
          seed: 42
          splits:
            train: 0.8
            val: 0.1
            test: 0.1
    outs:
    - path: reports/data_validation.json
      hash: md5
      md5: 5b56cf495d56a05c63f04b0b2fada282
      size: 302
  reference:
    cmd: python -m quickdraw.monitoring.reference
    deps:
    - path: data/processed/quickdraw.npz
      hash: md5
      md5: ab3b27daa743297978cd3bc40d193198
      size: 41088939
    - path: models/model.pt
      hash: md5
      md5: 42da9cd1468303ffbdefaf7c81825ddd
      size: 1692401
    - path: src/quickdraw/data/preprocess.py
      hash: md5
      md5: 3103b612192a22cfaaa23611d3942570
      size: 11660
    - path: src/quickdraw/monitoring/reference.py
      hash: md5
      md5: a69e269dc7df38fc39bcfa463f927846
      size: 3777
    - path: src/quickdraw/training/model.py
      hash: md5
      md5: 7d1ba7ebcc1b3355dc89b079b28f403c
      size: 2964
    outs:
    - path: reports/monitoring/reference.csv
      hash: md5
      md5: 691fceedf9f98b463c0bc97674b43140
      size: 353921
